
Microsoft Visual Studio Solution File, Format Version 12.00
# Visual Studio Version 17
VisualStudioVersion = 17.2.32630.192
MinimumVisualStudioVersion = 10.0.40219.1
Project("{FAE04EC0-301F-11D3-BF4B-00C04F79EFBC}") = "NightQuote.Business", "NightQuote.Business\NightQuote.Business.csproj", "{24B0028C-7161-482B-8234-F18CA823045C}"
EndProject
Project("{FAE04EC0-301F-11D3-BF4B-00C04F79EFBC}") = "NightQuote.Repository", "NightQuote.Repository\NightQuote.Repository.csproj", "{00717A2C-94C1-4417-AE5A-D2285ACB1020}"
EndProject
Project("{FAE04EC0-301F-11D3-BF4B-00C04F79EFBC}") = "NightQuote.Entities", "NightQuotes.Entities\NightQuote.Entities.csproj", "{375862B0-F1F9-4B25-B3A3-5207A7B6F9C7}"
EndProject
Project("{FAE04EC0-301F-11D3-BF4B-00C04F79EFBC}") = "NightQuote.Service", "NightQuote.Service\NightQuote.Service.csproj", "{2331B99A-0579-405A-89CA-967B847197E8}"
EndProject
Global
	GlobalSection(SolutionConfigurationPlatforms) = preSolution
		Debug|Any CPU = Debug|Any CPU
		Release|Any CPU = Release|Any CPU
	EndGlobalSection
	GlobalSection(ProjectConfigurationPlatforms) = postSolution
		{24B0028C-7161-482B-8234-F18CA823045C}.Debug|Any CPU.ActiveCfg = Debug|Any CPU
		{24B0028C-7161-482B-8234-F18CA823045C}.Debug|Any CPU.Build.0 = Debug|Any CPU
		{24B0028C-7161-482B-8234-F18CA823045C}.Release|Any CPU.ActiveCfg = Release|Any CPU
		{24B0028C-7161-482B-8234-F18CA823045C}.Release|Any CPU.Build.0 = Release|Any CPU
		{00717A2C-94C1-4417-AE5A-D2285ACB1020}.Debug|Any CPU.ActiveCfg = Debug|Any CPU
		{00717A2C-94C1-4417-AE5A-D2285ACB1020}.Debug|Any CPU.Build.0 = Debug|Any CPU
		{00717A2C-94C1-4417-AE5A-D2285ACB1020}.Release|Any CPU.ActiveCfg = Release|Any CPU
		{00717A2C-94C1-4417-AE5A-D2285ACB1020}.Release|Any CPU.Build.0 = Release|Any CPU
		{375862B0-F1F9-4B25-B3A3-5207A7B6F9C7}.Debug|Any CPU.ActiveCfg = Debug|Any CPU
		{375862B0-F1F9-4B25-B3A3-5207A7B6F9C7}.Debug|Any CPU.Build.0 = Debug|Any CPU
		{375862B0-F1F9-4B25-B3A3-5207A7B6F9C7}.Release|Any CPU.ActiveCfg = Release|Any CPU
		{375862B0-F1F9-4B25-B3A3-5207A7B6F9C7}.Release|Any CPU.Build.0 = Release|Any CPU
		{2331B99A-0579-405A-89CA-967B847197E8}.Debug|Any CPU.ActiveCfg = Debug|Any CPU
		{2331B99A-0579-405A-89CA-967B847197E8}.Debug|Any CPU.Build.0 = Debug|Any CPU
		{2331B99A-0579-405A-89CA-967B847197E8}.Release|Any CPU.ActiveCfg = Release|Any CPU
		{2331B99A-0579-405A-89CA-967B847197E8}.Release|Any CPU.Build.0 = Release|Any CPU
	EndGlobalSection
	GlobalSection(SolutionProperties) = preSolution
		HideSolutionNode = FALSE
	EndGlobalSection
	GlobalSection(ExtensibilityGlobals) = postSolution
		SolutionGuid = {18DFEA09-FE6E-4094-9C0B-260F46BB3B6E}
	EndGlobalSection
EndGlobal
